
Microsoft Visual Studio Solution File, Format Version 12.00
# Visual Studio Version 16
VisualStudioVersion = 16.0.30711.63
MinimumVisualStudioVersion = 10.0.40219.1
Project("{9A19103F-16F7-4668-BE54-9A1E7A4F7556}") = "UnlockECU", "UnlockECU\UnlockECU.csproj", "{9DBD6CB7-68B3-4801-95B7-D760C49E2A83}"
EndProject
Project("{FAE04EC0-301F-11D3-BF4B-00C04F79EFBC}") = "VisualUnlockECU", "VisualUnlockECU\VisualUnlockECU.csproj", "{FA2EF721-9B46-4EB9-8444-0ABAF6F5185A}"
EndProject
Project("{FAE04EC0-301F-11D3-BF4B-00C04F79EFBC}") = "UnlockECUTests", "UnlockECUTests\UnlockECUTests.csproj", "{6252DB08-EFD2-4889-B97F-090726D9DC9C}"
EndProject
Global
	GlobalSection(SolutionConfigurationPlatforms) = preSolution
		Debug|Any CPU = Debug|Any CPU
		Release|Any CPU = Release|Any CPU
	EndGlobalSection
	GlobalSection(ProjectConfigurationPlatforms) = postSolution
		{9DBD6CB7-68B3-4801-95B7-D760C49E2A83}.Debug|Any CPU.ActiveCfg = Debug|Any CPU
		{9DBD6CB7-68B3-4801-95B7-D760C49E2A83}.Debug|Any CPU.Build.0 = Debug|Any CPU
		{9DBD6CB7-68B3-4801-95B7-D760C49E2A83}.Release|Any CPU.ActiveCfg = Release|Any CPU
		{9DBD6CB7-68B3-4801-95B7-D760C49E2A83}.Release|Any CPU.Build.0 = Release|Any CPU
		{FA2EF721-9B46-4EB9-8444-0ABAF6F5185A}.Debug|Any CPU.ActiveCfg = Debug|Any CPU
		{FA2EF721-9B46-4EB9-8444-0ABAF6F5185A}.Debug|Any CPU.Build.0 = Debug|Any CPU
		{FA2EF721-9B46-4EB9-8444-0ABAF6F5185A}.Release|Any CPU.ActiveCfg = Release|Any CPU
		{FA2EF721-9B46-4EB9-8444-0ABAF6F5185A}.Release|Any CPU.Build.0 = Release|Any CPU
		{6252DB08-EFD2-4889-B97F-090726D9DC9C}.Debug|Any CPU.ActiveCfg = Debug|Any CPU
		{6252DB08-EFD2-4889-B97F-090726D9DC9C}.Debug|Any CPU.Build.0 = Debug|Any CPU
		{6252DB08-EFD2-4889-B97F-090726D9DC9C}.Release|Any CPU.ActiveCfg = Release|Any CPU
		{6252DB08-EFD2-4889-B97F-090726D9DC9C}.Release|Any CPU.Build.0 = Release|Any CPU
	EndGlobalSection
	GlobalSection(SolutionProperties) = preSolution
		HideSolutionNode = FALSE
	EndGlobalSection
	GlobalSection(ExtensibilityGlobals) = postSolution
		SolutionGuid = {CC1E2894-FC7F-474F-8A14-00529B7EF07F}
	EndGlobalSection
EndGlobal
